
Microsoft Visual Studio Solution File, Format Version 12.00
# Visual Studio Express 14 for Windows Desktop
VisualStudioVersion = 14.0.25123.0
MinimumVisualStudioVersion = 10.0.40219.1
Project("{FAE04EC0-301F-11D3-BF4B-00C04F79EFBC}") = "mat_290_framework", "mat_290_framework\mat_290_framework.csproj", "{145EB558-F1E1-4685-9F58-2A163255AABC}"
EndProject
Project("{2150E333-8FDC-42A3-9474-1A3956D46DE8}") = "Solution Items", "Solution Items", "{7609B29B-FB44-4F37-8CFE-68FE6078475C}"
	ProjectSection(SolutionItems) = preProject
		README-PROJ1.txt = README-PROJ1.txt
	EndProjectSection
EndProject
Global
	GlobalSection(SolutionConfigurationPlatforms) = preSolution
		Debug|Any CPU = Debug|Any CPU
		Release|Any CPU = Release|Any CPU
	EndGlobalSection
	GlobalSection(ProjectConfigurationPlatforms) = postSolution
		{145EB558-F1E1-4685-9F58-2A163255AABC}.Debug|Any CPU.ActiveCfg = Debug|Any CPU
		{145EB558-F1E1-4685-9F58-2A163255AABC}.Debug|Any CPU.Build.0 = Debug|Any CPU
		{145EB558-F1E1-4685-9F58-2A163255AABC}.Release|Any CPU.ActiveCfg = Release|Any CPU
		{145EB558-F1E1-4685-9F58-2A163255AABC}.Release|Any CPU.Build.0 = Release|Any CPU
	EndGlobalSection
	GlobalSection(SolutionProperties) = preSolution
		HideSolutionNode = FALSE
	EndGlobalSection
EndGlobal
